
Microsoft Visual Studio Solution File, Format Version 12.00
# Visual Studio 15
VisualStudioVersion = 15.0.26124.0
MinimumVisualStudioVersion = 15.0.26124.0
Project("{FAE04EC0-301F-11D3-BF4B-00C04F79EFBC}") = "TwoSum2", "TwoSum2\TwoSum2.csproj", "{22616340-9D6F-4D35-B9C4-EDA5D34ED8B1}"
EndProject
Project("{FAE04EC0-301F-11D3-BF4B-00C04F79EFBC}") = "TwoSum2.UnitTests", "TwoSum2.UnitTests\TwoSum2.UnitTests.csproj", "{AB1AA5F0-0B92-4AF9-940A-A2E7B371FD05}"
EndProject
Global
	GlobalSection(SolutionConfigurationPlatforms) = preSolution
		Debug|Any CPU = Debug|Any CPU
		Debug|x64 = Debug|x64
		Debug|x86 = Debug|x86
		Release|Any CPU = Release|Any CPU
		Release|x64 = Release|x64
		Release|x86 = Release|x86
	EndGlobalSection
	GlobalSection(SolutionProperties) = preSolution
		HideSolutionNode = FALSE
	EndGlobalSection
	GlobalSection(ProjectConfigurationPlatforms) = postSolution
		{22616340-9D6F-4D35-B9C4-EDA5D34ED8B1}.Debug|Any CPU.ActiveCfg = Debug|Any CPU
		{22616340-9D6F-4D35-B9C4-EDA5D34ED8B1}.Debug|Any CPU.Build.0 = Debug|Any CPU
		{22616340-9D6F-4D35-B9C4-EDA5D34ED8B1}.Debug|x64.ActiveCfg = Debug|Any CPU
		{22616340-9D6F-4D35-B9C4-EDA5D34ED8B1}.Debug|x64.Build.0 = Debug|Any CPU
		{22616340-9D6F-4D35-B9C4-EDA5D34ED8B1}.Debug|x86.ActiveCfg = Debug|Any CPU
		{22616340-9D6F-4D35-B9C4-EDA5D34ED8B1}.Debug|x86.Build.0 = Debug|Any CPU
		{22616340-9D6F-4D35-B9C4-EDA5D34ED8B1}.Release|Any CPU.ActiveCfg = Release|Any CPU
		{22616340-9D6F-4D35-B9C4-EDA5D34ED8B1}.Release|Any CPU.Build.0 = Release|Any CPU
		{22616340-9D6F-4D35-B9C4-EDA5D34ED8B1}.Release|x64.ActiveCfg = Release|Any CPU
		{22616340-9D6F-4D35-B9C4-EDA5D34ED8B1}.Release|x64.Build.0 = Release|Any CPU
		{22616340-9D6F-4D35-B9C4-EDA5D34ED8B1}.Release|x86.ActiveCfg = Release|Any CPU
		{22616340-9D6F-4D35-B9C4-EDA5D34ED8B1}.Release|x86.Build.0 = Release|Any CPU
		{AB1AA5F0-0B92-4AF9-940A-A2E7B371FD05}.Debug|Any CPU.ActiveCfg = Debug|Any CPU
		{AB1AA5F0-0B92-4AF9-940A-A2E7B371FD05}.Debug|Any CPU.Build.0 = Debug|Any CPU
		{AB1AA5F0-0B92-4AF9-940A-A2E7B371FD05}.Debug|x64.ActiveCfg = Debug|Any CPU
		{AB1AA5F0-0B92-4AF9-940A-A2E7B371FD05}.Debug|x64.Build.0 = Debug|Any CPU
		{AB1AA5F0-0B92-4AF9-940A-A2E7B371FD05}.Debug|x86.ActiveCfg = Debug|Any CPU
		{AB1AA5F0-0B92-4AF9-940A-A2E7B371FD05}.Debug|x86.Build.0 = Debug|Any CPU
		{AB1AA5F0-0B92-4AF9-940A-A2E7B371FD05}.Release|Any CPU.ActiveCfg = Release|Any CPU
		{AB1AA5F0-0B92-4AF9-940A-A2E7B371FD05}.Release|Any CPU.Build.0 = Release|Any CPU
		{AB1AA5F0-0B92-4AF9-940A-A2E7B371FD05}.Release|x64.ActiveCfg = Release|Any CPU
		{AB1AA5F0-0B92-4AF9-940A-A2E7B371FD05}.Release|x64.Build.0 = Release|Any CPU
		{AB1AA5F0-0B92-4AF9-940A-A2E7B371FD05}.Release|x86.ActiveCfg = Release|Any CPU
		{AB1AA5F0-0B92-4AF9-940A-A2E7B371FD05}.Release|x86.Build.0 = Release|Any CPU
	EndGlobalSection
EndGlobal
