
Microsoft Visual Studio Solution File, Format Version 12.00
# Visual Studio 15
VisualStudioVersion = 15.0.26124.0
MinimumVisualStudioVersion = 15.0.26124.0
Project("{FAE04EC0-301F-11D3-BF4B-00C04F79EFBC}") = "LinkedListCycle", "LinkedListCycle\LinkedListCycle.csproj", "{B30E4C85-4E66-4A6A-BACE-33F238FF4D08}"
EndProject
Project("{FAE04EC0-301F-11D3-BF4B-00C04F79EFBC}") = "LinkedListCycle.UnitTests", "LinkedListCycle.UnitTests\LinkedListCycle.UnitTests.csproj", "{A18EB541-2D34-4419-B8D6-5FC814806AC3}"
EndProject
Global
	GlobalSection(SolutionConfigurationPlatforms) = preSolution
		Debug|Any CPU = Debug|Any CPU
		Debug|x64 = Debug|x64
		Debug|x86 = Debug|x86
		Release|Any CPU = Release|Any CPU
		Release|x64 = Release|x64
		Release|x86 = Release|x86
	EndGlobalSection
	GlobalSection(SolutionProperties) = preSolution
		HideSolutionNode = FALSE
	EndGlobalSection
	GlobalSection(ProjectConfigurationPlatforms) = postSolution
		{B30E4C85-4E66-4A6A-BACE-33F238FF4D08}.Debug|Any CPU.ActiveCfg = Debug|Any CPU
		{B30E4C85-4E66-4A6A-BACE-33F238FF4D08}.Debug|Any CPU.Build.0 = Debug|Any CPU
		{B30E4C85-4E66-4A6A-BACE-33F238FF4D08}.Debug|x64.ActiveCfg = Debug|Any CPU
		{B30E4C85-4E66-4A6A-BACE-33F238FF4D08}.Debug|x64.Build.0 = Debug|Any CPU
		{B30E4C85-4E66-4A6A-BACE-33F238FF4D08}.Debug|x86.ActiveCfg = Debug|Any CPU
		{B30E4C85-4E66-4A6A-BACE-33F238FF4D08}.Debug|x86.Build.0 = Debug|Any CPU
		{B30E4C85-4E66-4A6A-BACE-33F238FF4D08}.Release|Any CPU.ActiveCfg = Release|Any CPU
		{B30E4C85-4E66-4A6A-BACE-33F238FF4D08}.Release|Any CPU.Build.0 = Release|Any CPU
		{B30E4C85-4E66-4A6A-BACE-33F238FF4D08}.Release|x64.ActiveCfg = Release|Any CPU
		{B30E4C85-4E66-4A6A-BACE-33F238FF4D08}.Release|x64.Build.0 = Release|Any CPU
		{B30E4C85-4E66-4A6A-BACE-33F238FF4D08}.Release|x86.ActiveCfg = Release|Any CPU
		{B30E4C85-4E66-4A6A-BACE-33F238FF4D08}.Release|x86.Build.0 = Release|Any CPU
		{A18EB541-2D34-4419-B8D6-5FC814806AC3}.Debug|Any CPU.ActiveCfg = Debug|Any CPU
		{A18EB541-2D34-4419-B8D6-5FC814806AC3}.Debug|Any CPU.Build.0 = Debug|Any CPU
		{A18EB541-2D34-4419-B8D6-5FC814806AC3}.Debug|x64.ActiveCfg = Debug|Any CPU
		{A18EB541-2D34-4419-B8D6-5FC814806AC3}.Debug|x64.Build.0 = Debug|Any CPU
		{A18EB541-2D34-4419-B8D6-5FC814806AC3}.Debug|x86.ActiveCfg = Debug|Any CPU
		{A18EB541-2D34-4419-B8D6-5FC814806AC3}.Debug|x86.Build.0 = Debug|Any CPU
		{A18EB541-2D34-4419-B8D6-5FC814806AC3}.Release|Any CPU.ActiveCfg = Release|Any CPU
		{A18EB541-2D34-4419-B8D6-5FC814806AC3}.Release|Any CPU.Build.0 = Release|Any CPU
		{A18EB541-2D34-4419-B8D6-5FC814806AC3}.Release|x64.ActiveCfg = Release|Any CPU
		{A18EB541-2D34-4419-B8D6-5FC814806AC3}.Release|x64.Build.0 = Release|Any CPU
		{A18EB541-2D34-4419-B8D6-5FC814806AC3}.Release|x86.ActiveCfg = Release|Any CPU
		{A18EB541-2D34-4419-B8D6-5FC814806AC3}.Release|x86.Build.0 = Release|Any CPU
	EndGlobalSection
EndGlobal
