
Microsoft Visual Studio Solution File, Format Version 12.00
# Visual Studio 15
VisualStudioVersion = 15.0.26124.0
MinimumVisualStudioVersion = 15.0.26124.0
Project("{FAE04EC0-301F-11D3-BF4B-00C04F79EFBC}") = "ValidAnagram", "ValidAnagram\ValidAnagram.csproj", "{66900220-8031-4DEB-B752-7E46D23516B8}"
EndProject
Project("{FAE04EC0-301F-11D3-BF4B-00C04F79EFBC}") = "ValidAnagram.UnitTests", "ValidAnagram.UnitTests\ValidAnagram.UnitTests.csproj", "{8F8FB4B2-5280-49EF-9397-40EED3A819E0}"
EndProject
Global
	GlobalSection(SolutionConfigurationPlatforms) = preSolution
		Debug|Any CPU = Debug|Any CPU
		Debug|x64 = Debug|x64
		Debug|x86 = Debug|x86
		Release|Any CPU = Release|Any CPU
		Release|x64 = Release|x64
		Release|x86 = Release|x86
	EndGlobalSection
	GlobalSection(SolutionProperties) = preSolution
		HideSolutionNode = FALSE
	EndGlobalSection
	GlobalSection(ProjectConfigurationPlatforms) = postSolution
		{66900220-8031-4DEB-B752-7E46D23516B8}.Debug|Any CPU.ActiveCfg = Debug|Any CPU
		{66900220-8031-4DEB-B752-7E46D23516B8}.Debug|Any CPU.Build.0 = Debug|Any CPU
		{66900220-8031-4DEB-B752-7E46D23516B8}.Debug|x64.ActiveCfg = Debug|Any CPU
		{66900220-8031-4DEB-B752-7E46D23516B8}.Debug|x64.Build.0 = Debug|Any CPU
		{66900220-8031-4DEB-B752-7E46D23516B8}.Debug|x86.ActiveCfg = Debug|Any CPU
		{66900220-8031-4DEB-B752-7E46D23516B8}.Debug|x86.Build.0 = Debug|Any CPU
		{66900220-8031-4DEB-B752-7E46D23516B8}.Release|Any CPU.ActiveCfg = Release|Any CPU
		{66900220-8031-4DEB-B752-7E46D23516B8}.Release|Any CPU.Build.0 = Release|Any CPU
		{66900220-8031-4DEB-B752-7E46D23516B8}.Release|x64.ActiveCfg = Release|Any CPU
		{66900220-8031-4DEB-B752-7E46D23516B8}.Release|x64.Build.0 = Release|Any CPU
		{66900220-8031-4DEB-B752-7E46D23516B8}.Release|x86.ActiveCfg = Release|Any CPU
		{66900220-8031-4DEB-B752-7E46D23516B8}.Release|x86.Build.0 = Release|Any CPU
		{8F8FB4B2-5280-49EF-9397-40EED3A819E0}.Debug|Any CPU.ActiveCfg = Debug|Any CPU
		{8F8FB4B2-5280-49EF-9397-40EED3A819E0}.Debug|Any CPU.Build.0 = Debug|Any CPU
		{8F8FB4B2-5280-49EF-9397-40EED3A819E0}.Debug|x64.ActiveCfg = Debug|Any CPU
		{8F8FB4B2-5280-49EF-9397-40EED3A819E0}.Debug|x64.Build.0 = Debug|Any CPU
		{8F8FB4B2-5280-49EF-9397-40EED3A819E0}.Debug|x86.ActiveCfg = Debug|Any CPU
		{8F8FB4B2-5280-49EF-9397-40EED3A819E0}.Debug|x86.Build.0 = Debug|Any CPU
		{8F8FB4B2-5280-49EF-9397-40EED3A819E0}.Release|Any CPU.ActiveCfg = Release|Any CPU
		{8F8FB4B2-5280-49EF-9397-40EED3A819E0}.Release|Any CPU.Build.0 = Release|Any CPU
		{8F8FB4B2-5280-49EF-9397-40EED3A819E0}.Release|x64.ActiveCfg = Release|Any CPU
		{8F8FB4B2-5280-49EF-9397-40EED3A819E0}.Release|x64.Build.0 = Release|Any CPU
		{8F8FB4B2-5280-49EF-9397-40EED3A819E0}.Release|x86.ActiveCfg = Release|Any CPU
		{8F8FB4B2-5280-49EF-9397-40EED3A819E0}.Release|x86.Build.0 = Release|Any CPU
	EndGlobalSection
EndGlobal
