
Microsoft Visual Studio Solution File, Format Version 12.00
# Visual Studio 15
VisualStudioVersion = 15.0.26124.0
MinimumVisualStudioVersion = 15.0.26124.0
Project("{FAE04EC0-301F-11D3-BF4B-00C04F79EFBC}") = "RomanToInteger", "RomanToInteger\RomanToInteger.csproj", "{3D400CFF-F6D7-473F-A897-8694E4F4F1A0}"
EndProject
Project("{FAE04EC0-301F-11D3-BF4B-00C04F79EFBC}") = "RomanToInteger.UnitTests", "RomanToInteger.UnitTests\RomanToInteger.UnitTests.csproj", "{7ECF204B-15A3-4FF7-B835-A96478623F08}"
EndProject
Global
	GlobalSection(SolutionConfigurationPlatforms) = preSolution
		Debug|Any CPU = Debug|Any CPU
		Debug|x64 = Debug|x64
		Debug|x86 = Debug|x86
		Release|Any CPU = Release|Any CPU
		Release|x64 = Release|x64
		Release|x86 = Release|x86
	EndGlobalSection
	GlobalSection(SolutionProperties) = preSolution
		HideSolutionNode = FALSE
	EndGlobalSection
	GlobalSection(ProjectConfigurationPlatforms) = postSolution
		{3D400CFF-F6D7-473F-A897-8694E4F4F1A0}.Debug|Any CPU.ActiveCfg = Debug|Any CPU
		{3D400CFF-F6D7-473F-A897-8694E4F4F1A0}.Debug|Any CPU.Build.0 = Debug|Any CPU
		{3D400CFF-F6D7-473F-A897-8694E4F4F1A0}.Debug|x64.ActiveCfg = Debug|Any CPU
		{3D400CFF-F6D7-473F-A897-8694E4F4F1A0}.Debug|x64.Build.0 = Debug|Any CPU
		{3D400CFF-F6D7-473F-A897-8694E4F4F1A0}.Debug|x86.ActiveCfg = Debug|Any CPU
		{3D400CFF-F6D7-473F-A897-8694E4F4F1A0}.Debug|x86.Build.0 = Debug|Any CPU
		{3D400CFF-F6D7-473F-A897-8694E4F4F1A0}.Release|Any CPU.ActiveCfg = Release|Any CPU
		{3D400CFF-F6D7-473F-A897-8694E4F4F1A0}.Release|Any CPU.Build.0 = Release|Any CPU
		{3D400CFF-F6D7-473F-A897-8694E4F4F1A0}.Release|x64.ActiveCfg = Release|Any CPU
		{3D400CFF-F6D7-473F-A897-8694E4F4F1A0}.Release|x64.Build.0 = Release|Any CPU
		{3D400CFF-F6D7-473F-A897-8694E4F4F1A0}.Release|x86.ActiveCfg = Release|Any CPU
		{3D400CFF-F6D7-473F-A897-8694E4F4F1A0}.Release|x86.Build.0 = Release|Any CPU
		{7ECF204B-15A3-4FF7-B835-A96478623F08}.Debug|Any CPU.ActiveCfg = Debug|Any CPU
		{7ECF204B-15A3-4FF7-B835-A96478623F08}.Debug|Any CPU.Build.0 = Debug|Any CPU
		{7ECF204B-15A3-4FF7-B835-A96478623F08}.Debug|x64.ActiveCfg = Debug|Any CPU
		{7ECF204B-15A3-4FF7-B835-A96478623F08}.Debug|x64.Build.0 = Debug|Any CPU
		{7ECF204B-15A3-4FF7-B835-A96478623F08}.Debug|x86.ActiveCfg = Debug|Any CPU
		{7ECF204B-15A3-4FF7-B835-A96478623F08}.Debug|x86.Build.0 = Debug|Any CPU
		{7ECF204B-15A3-4FF7-B835-A96478623F08}.Release|Any CPU.ActiveCfg = Release|Any CPU
		{7ECF204B-15A3-4FF7-B835-A96478623F08}.Release|Any CPU.Build.0 = Release|Any CPU
		{7ECF204B-15A3-4FF7-B835-A96478623F08}.Release|x64.ActiveCfg = Release|Any CPU
		{7ECF204B-15A3-4FF7-B835-A96478623F08}.Release|x64.Build.0 = Release|Any CPU
		{7ECF204B-15A3-4FF7-B835-A96478623F08}.Release|x86.ActiveCfg = Release|Any CPU
		{7ECF204B-15A3-4FF7-B835-A96478623F08}.Release|x86.Build.0 = Release|Any CPU
	EndGlobalSection
EndGlobal
