
Microsoft Visual Studio Solution File, Format Version 12.00
# Visual Studio 15
VisualStudioVersion = 15.0.26124.0
MinimumVisualStudioVersion = 15.0.26124.0
Project("{FAE04EC0-301F-11D3-BF4B-00C04F79EFBC}") = "SingleNumber", "SingleNumber\SingleNumber.csproj", "{9F831D22-9995-4AE5-A517-CA1D1EC7012F}"
EndProject
Project("{FAE04EC0-301F-11D3-BF4B-00C04F79EFBC}") = "SingleNumber.UnitTests", "SingleNumber.UnitTests\SingleNumber.UnitTests.csproj", "{961D717D-F6EF-4875-95C1-06286046A5E8}"
EndProject
Global
	GlobalSection(SolutionConfigurationPlatforms) = preSolution
		Debug|Any CPU = Debug|Any CPU
		Debug|x64 = Debug|x64
		Debug|x86 = Debug|x86
		Release|Any CPU = Release|Any CPU
		Release|x64 = Release|x64
		Release|x86 = Release|x86
	EndGlobalSection
	GlobalSection(SolutionProperties) = preSolution
		HideSolutionNode = FALSE
	EndGlobalSection
	GlobalSection(ProjectConfigurationPlatforms) = postSolution
		{9F831D22-9995-4AE5-A517-CA1D1EC7012F}.Debug|Any CPU.ActiveCfg = Debug|Any CPU
		{9F831D22-9995-4AE5-A517-CA1D1EC7012F}.Debug|Any CPU.Build.0 = Debug|Any CPU
		{9F831D22-9995-4AE5-A517-CA1D1EC7012F}.Debug|x64.ActiveCfg = Debug|Any CPU
		{9F831D22-9995-4AE5-A517-CA1D1EC7012F}.Debug|x64.Build.0 = Debug|Any CPU
		{9F831D22-9995-4AE5-A517-CA1D1EC7012F}.Debug|x86.ActiveCfg = Debug|Any CPU
		{9F831D22-9995-4AE5-A517-CA1D1EC7012F}.Debug|x86.Build.0 = Debug|Any CPU
		{9F831D22-9995-4AE5-A517-CA1D1EC7012F}.Release|Any CPU.ActiveCfg = Release|Any CPU
		{9F831D22-9995-4AE5-A517-CA1D1EC7012F}.Release|Any CPU.Build.0 = Release|Any CPU
		{9F831D22-9995-4AE5-A517-CA1D1EC7012F}.Release|x64.ActiveCfg = Release|Any CPU
		{9F831D22-9995-4AE5-A517-CA1D1EC7012F}.Release|x64.Build.0 = Release|Any CPU
		{9F831D22-9995-4AE5-A517-CA1D1EC7012F}.Release|x86.ActiveCfg = Release|Any CPU
		{9F831D22-9995-4AE5-A517-CA1D1EC7012F}.Release|x86.Build.0 = Release|Any CPU
		{961D717D-F6EF-4875-95C1-06286046A5E8}.Debug|Any CPU.ActiveCfg = Debug|Any CPU
		{961D717D-F6EF-4875-95C1-06286046A5E8}.Debug|Any CPU.Build.0 = Debug|Any CPU
		{961D717D-F6EF-4875-95C1-06286046A5E8}.Debug|x64.ActiveCfg = Debug|Any CPU
		{961D717D-F6EF-4875-95C1-06286046A5E8}.Debug|x64.Build.0 = Debug|Any CPU
		{961D717D-F6EF-4875-95C1-06286046A5E8}.Debug|x86.ActiveCfg = Debug|Any CPU
		{961D717D-F6EF-4875-95C1-06286046A5E8}.Debug|x86.Build.0 = Debug|Any CPU
		{961D717D-F6EF-4875-95C1-06286046A5E8}.Release|Any CPU.ActiveCfg = Release|Any CPU
		{961D717D-F6EF-4875-95C1-06286046A5E8}.Release|Any CPU.Build.0 = Release|Any CPU
		{961D717D-F6EF-4875-95C1-06286046A5E8}.Release|x64.ActiveCfg = Release|Any CPU
		{961D717D-F6EF-4875-95C1-06286046A5E8}.Release|x64.Build.0 = Release|Any CPU
		{961D717D-F6EF-4875-95C1-06286046A5E8}.Release|x86.ActiveCfg = Release|Any CPU
		{961D717D-F6EF-4875-95C1-06286046A5E8}.Release|x86.Build.0 = Release|Any CPU
	EndGlobalSection
EndGlobal
