
Microsoft Visual Studio Solution File, Format Version 12.00
# Visual Studio 15
VisualStudioVersion = 15.0.26124.0
MinimumVisualStudioVersion = 15.0.26124.0
Project("{FAE04EC0-301F-11D3-BF4B-00C04F79EFBC}") = "SetMatrixZeroes", "SetMatrixZeroes\SetMatrixZeroes.csproj", "{D911AC3D-4835-48D8-830D-59742B8581C6}"
EndProject
Project("{FAE04EC0-301F-11D3-BF4B-00C04F79EFBC}") = "SetMatrixZeroes.UnitTests", "SetMatrixZeroes.UnitTests\SetMatrixZeroes.UnitTests.csproj", "{B37D09BE-347C-4222-8A62-BAA825555809}"
EndProject
Global
	GlobalSection(SolutionConfigurationPlatforms) = preSolution
		Debug|Any CPU = Debug|Any CPU
		Debug|x64 = Debug|x64
		Debug|x86 = Debug|x86
		Release|Any CPU = Release|Any CPU
		Release|x64 = Release|x64
		Release|x86 = Release|x86
	EndGlobalSection
	GlobalSection(SolutionProperties) = preSolution
		HideSolutionNode = FALSE
	EndGlobalSection
	GlobalSection(ProjectConfigurationPlatforms) = postSolution
		{D911AC3D-4835-48D8-830D-59742B8581C6}.Debug|Any CPU.ActiveCfg = Debug|Any CPU
		{D911AC3D-4835-48D8-830D-59742B8581C6}.Debug|Any CPU.Build.0 = Debug|Any CPU
		{D911AC3D-4835-48D8-830D-59742B8581C6}.Debug|x64.ActiveCfg = Debug|Any CPU
		{D911AC3D-4835-48D8-830D-59742B8581C6}.Debug|x64.Build.0 = Debug|Any CPU
		{D911AC3D-4835-48D8-830D-59742B8581C6}.Debug|x86.ActiveCfg = Debug|Any CPU
		{D911AC3D-4835-48D8-830D-59742B8581C6}.Debug|x86.Build.0 = Debug|Any CPU
		{D911AC3D-4835-48D8-830D-59742B8581C6}.Release|Any CPU.ActiveCfg = Release|Any CPU
		{D911AC3D-4835-48D8-830D-59742B8581C6}.Release|Any CPU.Build.0 = Release|Any CPU
		{D911AC3D-4835-48D8-830D-59742B8581C6}.Release|x64.ActiveCfg = Release|Any CPU
		{D911AC3D-4835-48D8-830D-59742B8581C6}.Release|x64.Build.0 = Release|Any CPU
		{D911AC3D-4835-48D8-830D-59742B8581C6}.Release|x86.ActiveCfg = Release|Any CPU
		{D911AC3D-4835-48D8-830D-59742B8581C6}.Release|x86.Build.0 = Release|Any CPU
		{B37D09BE-347C-4222-8A62-BAA825555809}.Debug|Any CPU.ActiveCfg = Debug|Any CPU
		{B37D09BE-347C-4222-8A62-BAA825555809}.Debug|Any CPU.Build.0 = Debug|Any CPU
		{B37D09BE-347C-4222-8A62-BAA825555809}.Debug|x64.ActiveCfg = Debug|Any CPU
		{B37D09BE-347C-4222-8A62-BAA825555809}.Debug|x64.Build.0 = Debug|Any CPU
		{B37D09BE-347C-4222-8A62-BAA825555809}.Debug|x86.ActiveCfg = Debug|Any CPU
		{B37D09BE-347C-4222-8A62-BAA825555809}.Debug|x86.Build.0 = Debug|Any CPU
		{B37D09BE-347C-4222-8A62-BAA825555809}.Release|Any CPU.ActiveCfg = Release|Any CPU
		{B37D09BE-347C-4222-8A62-BAA825555809}.Release|Any CPU.Build.0 = Release|Any CPU
		{B37D09BE-347C-4222-8A62-BAA825555809}.Release|x64.ActiveCfg = Release|Any CPU
		{B37D09BE-347C-4222-8A62-BAA825555809}.Release|x64.Build.0 = Release|Any CPU
		{B37D09BE-347C-4222-8A62-BAA825555809}.Release|x86.ActiveCfg = Release|Any CPU
		{B37D09BE-347C-4222-8A62-BAA825555809}.Release|x86.Build.0 = Release|Any CPU
	EndGlobalSection
EndGlobal
